
Microsoft Visual Studio Solution File, Format Version 12.00
# Visual Studio Version 16
VisualStudioVersion = 16.0.32126.311
MinimumVisualStudioVersion = 10.0.40219.1
Project("{FAE04EC0-301F-11D3-BF4B-00C04F79EFBC}") = "WebApplication1", "WebApplication1\WebApplication1.csproj", "{9FF69D65-E7AE-4736-BEDF-E6E885478C24}"
EndProject
Global
	GlobalSection(SolutionConfigurationPlatforms) = preSolution
		Debug|Any CPU = Debug|Any CPU
		Release|Any CPU = Release|Any CPU
	EndGlobalSection
	GlobalSection(ProjectConfigurationPlatforms) = postSolution
		{9FF69D65-E7AE-4736-BEDF-E6E885478C24}.Debug|Any CPU.ActiveCfg = Debug|Any CPU
		{9FF69D65-E7AE-4736-BEDF-E6E885478C24}.Debug|Any CPU.Build.0 = Debug|Any CPU
		{9FF69D65-E7AE-4736-BEDF-E6E885478C24}.Release|Any CPU.ActiveCfg = Release|Any CPU
		{9FF69D65-E7AE-4736-BEDF-E6E885478C24}.Release|Any CPU.Build.0 = Release|Any CPU
	EndGlobalSection
	GlobalSection(SolutionProperties) = preSolution
		HideSolutionNode = FALSE
	EndGlobalSection
	GlobalSection(ExtensibilityGlobals) = postSolution
		SolutionGuid = {41A49D19-62BF-46F2-A359-8DE2BC8DB719}
	EndGlobalSection
EndGlobal
